
Microsoft Visual Studio Solution File, Format Version 12.00
# Visual Studio Version 16
VisualStudioVersion = 16.0.32428.217
MinimumVisualStudioVersion = 10.0.40219.1
Project("{FAE04EC0-301F-11D3-BF4B-00C04F79EFBC}") = "DistanceConverter", "DistanceConverter\DistanceConverter.csproj", "{5523EB55-B95D-4190-89D2-CF191832A268}"
EndProject
Global
	GlobalSection(SolutionConfigurationPlatforms) = preSolution
		Debug|Any CPU = Debug|Any CPU
		Release|Any CPU = Release|Any CPU
	EndGlobalSection
	GlobalSection(ProjectConfigurationPlatforms) = postSolution
		{5523EB55-B95D-4190-89D2-CF191832A268}.Debug|Any CPU.ActiveCfg = Debug|Any CPU
		{5523EB55-B95D-4190-89D2-CF191832A268}.Debug|Any CPU.Build.0 = Debug|Any CPU
		{5523EB55-B95D-4190-89D2-CF191832A268}.Release|Any CPU.ActiveCfg = Release|Any CPU
		{5523EB55-B95D-4190-89D2-CF191832A268}.Release|Any CPU.Build.0 = Release|Any CPU
	EndGlobalSection
	GlobalSection(SolutionProperties) = preSolution
		HideSolutionNode = FALSE
	EndGlobalSection
	GlobalSection(ExtensibilityGlobals) = postSolution
		SolutionGuid = {1648383C-3AC9-4775-975C-64ED3576673A}
	EndGlobalSection
EndGlobal
